
Microsoft Visual Studio Solution File, Format Version 12.00
# Visual Studio Version 17
VisualStudioVersion = 17.5.2.0
MinimumVisualStudioVersion = 10.0.40219.1
Project("{2150E333-8FDC-42A3-9474-1A3956D46DE8}") = "Aula_5", "Aula_5", "{7E20FC40-3A7A-D5DA-68CA-C28858593353}"
EndProject
Project("{FAE04EC0-301F-11D3-BF4B-00C04F79EFBC}") = "Ex_1", "Aula_5\Ex_1\Ex_1.csproj", "{568C64B2-6E90-780C-C02C-039919DF5C35}"
EndProject
Project("{FAE04EC0-301F-11D3-BF4B-00C04F79EFBC}") = "Ex_2", "Aula_5\Ex_2\Ex_2.csproj", "{8DBC5C9F-92D4-9517-55F9-28C62EA32826}"
EndProject
Project("{FAE04EC0-301F-11D3-BF4B-00C04F79EFBC}") = "Ex_3", "Aula_5\Ex_3\Ex_3.csproj", "{D6A6013A-B829-2B5D-957E-85572406AC88}"
EndProject
Project("{FAE04EC0-301F-11D3-BF4B-00C04F79EFBC}") = "Ex_3", "Ex_3\Ex_3.csproj", "{78542C13-C833-4211-831D-737EF7A4B31D}"
EndProject
Project("{FAE04EC0-301F-11D3-BF4B-00C04F79EFBC}") = "WebApplication1", "WebApplication1\WebApplication1.csproj", "{FBF52534-E647-4106-AA18-07D6E30B8C0D}"
EndProject
Global
	GlobalSection(SolutionConfigurationPlatforms) = preSolution
		Debug|Any CPU = Debug|Any CPU
		Debug|x64 = Debug|x64
		Debug|x86 = Debug|x86
		Release|Any CPU = Release|Any CPU
		Release|x64 = Release|x64
		Release|x86 = Release|x86
	EndGlobalSection
	GlobalSection(ProjectConfigurationPlatforms) = postSolution
		{568C64B2-6E90-780C-C02C-039919DF5C35}.Debug|Any CPU.ActiveCfg = Debug|Any CPU
		{568C64B2-6E90-780C-C02C-039919DF5C35}.Debug|Any CPU.Build.0 = Debug|Any CPU
		{568C64B2-6E90-780C-C02C-039919DF5C35}.Debug|x64.ActiveCfg = Debug|Any CPU
		{568C64B2-6E90-780C-C02C-039919DF5C35}.Debug|x64.Build.0 = Debug|Any CPU
		{568C64B2-6E90-780C-C02C-039919DF5C35}.Debug|x86.ActiveCfg = Debug|Any CPU
		{568C64B2-6E90-780C-C02C-039919DF5C35}.Debug|x86.Build.0 = Debug|Any CPU
		{568C64B2-6E90-780C-C02C-039919DF5C35}.Release|Any CPU.ActiveCfg = Release|Any CPU
		{568C64B2-6E90-780C-C02C-039919DF5C35}.Release|Any CPU.Build.0 = Release|Any CPU
		{568C64B2-6E90-780C-C02C-039919DF5C35}.Release|x64.ActiveCfg = Release|Any CPU
		{568C64B2-6E90-780C-C02C-039919DF5C35}.Release|x64.Build.0 = Release|Any CPU
		{568C64B2-6E90-780C-C02C-039919DF5C35}.Release|x86.ActiveCfg = Release|Any CPU
		{568C64B2-6E90-780C-C02C-039919DF5C35}.Release|x86.Build.0 = Release|Any CPU
		{8DBC5C9F-92D4-9517-55F9-28C62EA32826}.Debug|Any CPU.ActiveCfg = Debug|Any CPU
		{8DBC5C9F-92D4-9517-55F9-28C62EA32826}.Debug|Any CPU.Build.0 = Debug|Any CPU
		{8DBC5C9F-92D4-9517-55F9-28C62EA32826}.Debug|x64.ActiveCfg = Debug|Any CPU
		{8DBC5C9F-92D4-9517-55F9-28C62EA32826}.Debug|x64.Build.0 = Debug|Any CPU
		{8DBC5C9F-92D4-9517-55F9-28C62EA32826}.Debug|x86.ActiveCfg = Debug|Any CPU
		{8DBC5C9F-92D4-9517-55F9-28C62EA32826}.Debug|x86.Build.0 = Debug|Any CPU
		{8DBC5C9F-92D4-9517-55F9-28C62EA32826}.Release|Any CPU.ActiveCfg = Release|Any CPU
		{8DBC5C9F-92D4-9517-55F9-28C62EA32826}.Release|Any CPU.Build.0 = Release|Any CPU
		{8DBC5C9F-92D4-9517-55F9-28C62EA32826}.Release|x64.ActiveCfg = Release|Any CPU
		{8DBC5C9F-92D4-9517-55F9-28C62EA32826}.Release|x64.Build.0 = Release|Any CPU
		{8DBC5C9F-92D4-9517-55F9-28C62EA32826}.Release|x86.ActiveCfg = Release|Any CPU
		{8DBC5C9F-92D4-9517-55F9-28C62EA32826}.Release|x86.Build.0 = Release|Any CPU
		{D6A6013A-B829-2B5D-957E-85572406AC88}.Debug|Any CPU.ActiveCfg = Debug|Any CPU
		{D6A6013A-B829-2B5D-957E-85572406AC88}.Debug|Any CPU.Build.0 = Debug|Any CPU
		{D6A6013A-B829-2B5D-957E-85572406AC88}.Debug|x64.ActiveCfg = Debug|Any CPU
		{D6A6013A-B829-2B5D-957E-85572406AC88}.Debug|x64.Build.0 = Debug|Any CPU
		{D6A6013A-B829-2B5D-957E-85572406AC88}.Debug|x86.ActiveCfg = Debug|Any CPU
		{D6A6013A-B829-2B5D-957E-85572406AC88}.Debug|x86.Build.0 = Debug|Any CPU
		{D6A6013A-B829-2B5D-957E-85572406AC88}.Release|Any CPU.ActiveCfg = Release|Any CPU
		{D6A6013A-B829-2B5D-957E-85572406AC88}.Release|Any CPU.Build.0 = Release|Any CPU
		{D6A6013A-B829-2B5D-957E-85572406AC88}.Release|x64.ActiveCfg = Release|Any CPU
		{D6A6013A-B829-2B5D-957E-85572406AC88}.Release|x64.Build.0 = Release|Any CPU
		{D6A6013A-B829-2B5D-957E-85572406AC88}.Release|x86.ActiveCfg = Release|Any CPU
		{D6A6013A-B829-2B5D-957E-85572406AC88}.Release|x86.Build.0 = Release|Any CPU
		{78542C13-C833-4211-831D-737EF7A4B31D}.Debug|Any CPU.ActiveCfg = Debug|Any CPU
		{78542C13-C833-4211-831D-737EF7A4B31D}.Debug|Any CPU.Build.0 = Debug|Any CPU
		{78542C13-C833-4211-831D-737EF7A4B31D}.Debug|x64.ActiveCfg = Debug|Any CPU
		{78542C13-C833-4211-831D-737EF7A4B31D}.Debug|x64.Build.0 = Debug|Any CPU
		{78542C13-C833-4211-831D-737EF7A4B31D}.Debug|x86.ActiveCfg = Debug|Any CPU
		{78542C13-C833-4211-831D-737EF7A4B31D}.Debug|x86.Build.0 = Debug|Any CPU
		{78542C13-C833-4211-831D-737EF7A4B31D}.Release|Any CPU.ActiveCfg = Release|Any CPU
		{78542C13-C833-4211-831D-737EF7A4B31D}.Release|Any CPU.Build.0 = Release|Any CPU
		{78542C13-C833-4211-831D-737EF7A4B31D}.Release|x64.ActiveCfg = Release|Any CPU
		{78542C13-C833-4211-831D-737EF7A4B31D}.Release|x64.Build.0 = Release|Any CPU
		{78542C13-C833-4211-831D-737EF7A4B31D}.Release|x86.ActiveCfg = Release|Any CPU
		{78542C13-C833-4211-831D-737EF7A4B31D}.Release|x86.Build.0 = Release|Any CPU
		{FBF52534-E647-4106-AA18-07D6E30B8C0D}.Debug|Any CPU.ActiveCfg = Debug|Any CPU
		{FBF52534-E647-4106-AA18-07D6E30B8C0D}.Debug|Any CPU.Build.0 = Debug|Any CPU
		{FBF52534-E647-4106-AA18-07D6E30B8C0D}.Debug|x64.ActiveCfg = Debug|Any CPU
		{FBF52534-E647-4106-AA18-07D6E30B8C0D}.Debug|x64.Build.0 = Debug|Any CPU
		{FBF52534-E647-4106-AA18-07D6E30B8C0D}.Debug|x86.ActiveCfg = Debug|Any CPU
		{FBF52534-E647-4106-AA18-07D6E30B8C0D}.Debug|x86.Build.0 = Debug|Any CPU
		{FBF52534-E647-4106-AA18-07D6E30B8C0D}.Release|Any CPU.ActiveCfg = Release|Any CPU
		{FBF52534-E647-4106-AA18-07D6E30B8C0D}.Release|Any CPU.Build.0 = Release|Any CPU
		{FBF52534-E647-4106-AA18-07D6E30B8C0D}.Release|x64.ActiveCfg = Release|Any CPU
		{FBF52534-E647-4106-AA18-07D6E30B8C0D}.Release|x64.Build.0 = Release|Any CPU
		{FBF52534-E647-4106-AA18-07D6E30B8C0D}.Release|x86.ActiveCfg = Release|Any CPU
		{FBF52534-E647-4106-AA18-07D6E30B8C0D}.Release|x86.Build.0 = Release|Any CPU
	EndGlobalSection
	GlobalSection(SolutionProperties) = preSolution
		HideSolutionNode = FALSE
	EndGlobalSection
	GlobalSection(NestedProjects) = preSolution
		{568C64B2-6E90-780C-C02C-039919DF5C35} = {7E20FC40-3A7A-D5DA-68CA-C28858593353}
		{8DBC5C9F-92D4-9517-55F9-28C62EA32826} = {7E20FC40-3A7A-D5DA-68CA-C28858593353}
		{D6A6013A-B829-2B5D-957E-85572406AC88} = {7E20FC40-3A7A-D5DA-68CA-C28858593353}
	EndGlobalSection
	GlobalSection(ExtensibilityGlobals) = postSolution
		SolutionGuid = {027858D9-9BCF-43C7-9CAE-2ED7FCFAB4D3}
	EndGlobalSection
EndGlobal
